// !$*UTF8*$!
{
	archiveVersion = 1;
	classes = {
	};
	objectVersion = 46;
	objects = {

/* Begin PBXBuildFile section */
		0656C16713E2917900459E39 /* .gitignore in Resources */ = {isa = PBXBuildFile; fileRef = 0656C13913E2917900459E39 /* .gitignore */; };
		0656C16813E2917900459E39 /* ArrayBuffer.cc in Sources */ = {isa = PBXBuildFile; fileRef = 0656C13B13E2917900459E39 /* ArrayBuffer.cc */; };
		0656C16913E2917900459E39 /* ArrayBufferView.cc in Sources */ = {isa = PBXBuildFile; fileRef = 0656C13D13E2917900459E39 /* ArrayBufferView.cc */; };
		0656C16A13E2917900459E39 /* DOMString.cc in Sources */ = {isa = PBXBuildFile; fileRef = 0656C13F13E2917900459E39 /* DOMString.cc */; };
		0656C16B13E2917900459E39 /* Event.cc in Sources */ = {isa = PBXBuildFile; fileRef = 0656C14113E2917900459E39 /* Event.cc */; };
		0656C16C13E2917900459E39 /* FloatArray.cc in Sources */ = {isa = PBXBuildFile; fileRef = 0656C14313E2917900459E39 /* FloatArray.cc */; };
		0656C16D13E2917900459E39 /* HTMLCanvasElement.cc in Sources */ = {isa = PBXBuildFile; fileRef = 0656C14513E2917900459E39 /* HTMLCanvasElement.cc */; };
		0656C16E13E2917900459E39 /* HTMLImageElement.cc in Sources */ = {isa = PBXBuildFile; fileRef = 0656C14713E2917900459E39 /* HTMLImageElement.cc */; };
		0656C16F13E2917900459E39 /* HTMLVideoElement.cc in Sources */ = {isa = PBXBuildFile; fileRef = 0656C14913E2917900459E39 /* HTMLVideoElement.cc */; };
		0656C17013E2917900459E39 /* ImageData.cc in Sources */ = {isa = PBXBuildFile; fileRef = 0656C14B13E2917900459E39 /* ImageData.cc */; };
		0656C17113E2917900459E39 /* Int32Array.cc in Sources */ = {isa = PBXBuildFile; fileRef = 0656C14D13E2917900459E39 /* Int32Array.cc */; };
		0656C17213E2917900459E39 /* WebGLActiveInfo.cc in Sources */ = {isa = PBXBuildFile; fileRef = 0656C14F13E2917900459E39 /* WebGLActiveInfo.cc */; };
		0656C17313E2917900459E39 /* WebGLBuffer.cc in Sources */ = {isa = PBXBuildFile; fileRef = 0656C15113E2917900459E39 /* WebGLBuffer.cc */; };
		0656C17413E2917900459E39 /* WebGLContextAttributes.cc in Sources */ = {isa = PBXBuildFile; fileRef = 0656C15313E2917900459E39 /* WebGLContextAttributes.cc */; };
		0656C17513E2917900459E39 /* WebGLContextEvent.cc in Sources */ = {isa = PBXBuildFile; fileRef = 0656C15513E2917900459E39 /* WebGLContextEvent.cc */; };
		0656C17613E2917900459E39 /* WebGLFramebuffer.cc in Sources */ = {isa = PBXBuildFile; fileRef = 0656C15713E2917900459E39 /* WebGLFramebuffer.cc */; };
		0656C17713E2917900459E39 /* WebGLObject.cc in Sources */ = {isa = PBXBuildFile; fileRef = 0656C15913E2917900459E39 /* WebGLObject.cc */; };
		0656C17813E2917900459E39 /* WebGLProgram.cc in Sources */ = {isa = PBXBuildFile; fileRef = 0656C15B13E2917900459E39 /* WebGLProgram.cc */; };
		0656C17913E2917900459E39 /* WebGLRenderbuffer.cc in Sources */ = {isa = PBXBuildFile; fileRef = 0656C15D13E2917900459E39 /* WebGLRenderbuffer.cc */; };
		0656C17A13E2917900459E39 /* WebGLRenderingContext.cc in Sources */ = {isa = PBXBuildFile; fileRef = 0656C15F13E2917900459E39 /* WebGLRenderingContext.cc */; };
		0656C17B13E2917900459E39 /* WebGLShader.cc in Sources */ = {isa = PBXBuildFile; fileRef = 0656C16113E2917900459E39 /* WebGLShader.cc */; };
		0656C17C13E2917900459E39 /* WebGLTexture.cc in Sources */ = {isa = PBXBuildFile; fileRef = 0656C16313E2917900459E39 /* WebGLTexture.cc */; };
		0656C17D13E2917900459E39 /* WebGLUniformLocation.cc in Sources */ = {isa = PBXBuildFile; fileRef = 0656C16513E2917900459E39 /* WebGLUniformLocation.cc */; };
		0679665013E27BCE00328592 /* Cocoa.framework in Frameworks */ = {isa = PBXBuildFile; fileRef = 0679664F13E27BCE00328592 /* Cocoa.framework */; };
		0679665A13E27BCE00328592 /* InfoPlist.strings in Resources */ = {isa = PBXBuildFile; fileRef = 0679665813E27BCE00328592 /* InfoPlist.strings */; };
		0679665D13E27BCE00328592 /* main.m in Sources */ = {isa = PBXBuildFile; fileRef = 0679665C13E27BCE00328592 /* main.m */; };
		0679666013E27BCE00328592 /* Credits.rtf in Resources */ = {isa = PBXBuildFile; fileRef = 0679665E13E27BCE00328592 /* Credits.rtf */; };
		0679666313E27BCE00328592 /* osxAppDelegate.mm in Sources */ = {isa = PBXBuildFile; fileRef = 0679666213E27BCE00328592 /* osxAppDelegate.mm */; };
		0679666613E27BCE00328592 /* MainMenu.xib in Resources */ = {isa = PBXBuildFile; fileRef = 0679666413E27BCE00328592 /* MainMenu.xib */; };
		0679666D13E27BCE00328592 /* Cocoa.framework in Frameworks */ = {isa = PBXBuildFile; fileRef = 0679664F13E27BCE00328592 /* Cocoa.framework */; };
		0679667513E27BCE00328592 /* InfoPlist.strings in Resources */ = {isa = PBXBuildFile; fileRef = 0679667313E27BCE00328592 /* InfoPlist.strings */; };
		0679667813E27BCE00328592 /* osxTests.h in Resources */ = {isa = PBXBuildFile; fileRef = 0679667713E27BCE00328592 /* osxTests.h */; };
		0679667A13E27BCE00328592 /* osxTests.m in Sources */ = {isa = PBXBuildFile; fileRef = 0679667913E27BCE00328592 /* osxTests.m */; };
		0679668413E27BE800328592 /* OpenGL.framework in Frameworks */ = {isa = PBXBuildFile; fileRef = 0679668313E27BE800328592 /* OpenGL.framework */; };
		0679668913E27C6D00328592 /* WebGLView.mm in Sources */ = {isa = PBXBuildFile; fileRef = 0679668813E27C6D00328592 /* WebGLView.mm */; };
/* End PBXBuildFile section */

/* Begin PBXContainerItemProxy section */
		0679666E13E27BCE00328592 /* PBXContainerItemProxy */ = {
			isa = PBXContainerItemProxy;
			containerPortal = 0679664213E27BCE00328592 /* Project object */;
			proxyType = 1;
			remoteGlobalIDString = 0679664A13E27BCE00328592;
			remoteInfo = osx;
		};
/* End PBXContainerItemProxy section */

/* Begin PBXFileReference section */
		0656C13913E2917900459E39 /* .gitignore */ = {isa = PBXFileReference; fileEncoding = 4; lastKnownFileType = text; path = .gitignore; sourceTree = "<group>"; };
		0656C13A13E2917900459E39 /* wrapper.h */ = {isa = PBXFileReference; fileEncoding = 4; lastKnownFileType = sourcecode.c.h; path = wrapper.h; sourceTree = "<group>"; };
		0656C13B13E2917900459E39 /* ArrayBuffer.cc */ = {isa = PBXFileReference; fileEncoding = 4; lastKnownFileType = sourcecode.cpp.cpp; path = ArrayBuffer.cc; sourceTree = "<group>"; };
		0656C13C13E2917900459E39 /* ArrayBuffer.h */ = {isa = PBXFileReference; fileEncoding = 4; lastKnownFileType = sourcecode.c.h; path = ArrayBuffer.h; sourceTree = "<group>"; };
		0656C13D13E2917900459E39 /* ArrayBufferView.cc */ = {isa = PBXFileReference; fileEncoding = 4; lastKnownFileType = sourcecode.cpp.cpp; path = ArrayBufferView.cc; sourceTree = "<group>"; };
		0656C13E13E2917900459E39 /* ArrayBufferView.h */ = {isa = PBXFileReference; fileEncoding = 4; lastKnownFileType = sourcecode.c.h; path = ArrayBufferView.h; sourceTree = "<group>"; };
		0656C13F13E2917900459E39 /* DOMString.cc */ = {isa = PBXFileReference; fileEncoding = 4; lastKnownFileType = sourcecode.cpp.cpp; path = DOMString.cc; sourceTree = "<group>"; };
		0656C14013E2917900459E39 /* DOMString.h */ = {isa = PBXFileReference; fileEncoding = 4; lastKnownFileType = sourcecode.c.h; path = DOMString.h; sourceTree = "<group>"; };
		0656C14113E2917900459E39 /* Event.cc */ = {isa = PBXFileReference; fileEncoding = 4; lastKnownFileType = sourcecode.cpp.cpp; path = Event.cc; sourceTree = "<group>"; };
		0656C14213E2917900459E39 /* Event.h */ = {isa = PBXFileReference; fileEncoding = 4; lastKnownFileType = sourcecode.c.h; path = Event.h; sourceTree = "<group>"; };
		0656C14313E2917900459E39 /* FloatArray.cc */ = {isa = PBXFileReference; fileEncoding = 4; lastKnownFileType = sourcecode.cpp.cpp; path = FloatArray.cc; sourceTree = "<group>"; };
		0656C14413E2917900459E39 /* FloatArray.h */ = {isa = PBXFileReference; fileEncoding = 4; lastKnownFileType = sourcecode.c.h; path = FloatArray.h; sourceTree = "<group>"; };
		0656C14513E2917900459E39 /* HTMLCanvasElement.cc */ = {isa = PBXFileReference; fileEncoding = 4; lastKnownFileType = sourcecode.cpp.cpp; path = HTMLCanvasElement.cc; sourceTree = "<group>"; };
		0656C14613E2917900459E39 /* HTMLCanvasElement.h */ = {isa = PBXFileReference; fileEncoding = 4; lastKnownFileType = sourcecode.c.h; path = HTMLCanvasElement.h; sourceTree = "<group>"; };
		0656C14713E2917900459E39 /* HTMLImageElement.cc */ = {isa = PBXFileReference; fileEncoding = 4; lastKnownFileType = sourcecode.cpp.cpp; path = HTMLImageElement.cc; sourceTree = "<group>"; };
		0656C14813E2917900459E39 /* HTMLImageElement.h */ = {isa = PBXFileReference; fileEncoding = 4; lastKnownFileType = sourcecode.c.h; path = HTMLImageElement.h; sourceTree = "<group>"; };
		0656C14913E2917900459E39 /* HTMLVideoElement.cc */ = {isa = PBXFileReference; fileEncoding = 4; lastKnownFileType = sourcecode.cpp.cpp; path = HTMLVideoElement.cc; sourceTree = "<group>"; };
		0656C14A13E2917900459E39 /* HTMLVideoElement.h */ = {isa = PBXFileReference; fileEncoding = 4; lastKnownFileType = sourcecode.c.h; path = HTMLVideoElement.h; sourceTree = "<group>"; };
		0656C14B13E2917900459E39 /* ImageData.cc */ = {isa = PBXFileReference; fileEncoding = 4; lastKnownFileType = sourcecode.cpp.cpp; path = ImageData.cc; sourceTree = "<group>"; };
		0656C14C13E2917900459E39 /* ImageData.h */ = {isa = PBXFileReference; fileEncoding = 4; lastKnownFileType = sourcecode.c.h; path = ImageData.h; sourceTree = "<group>"; };
		0656C14D13E2917900459E39 /* Int32Array.cc */ = {isa = PBXFileReference; fileEncoding = 4; lastKnownFileType = sourcecode.cpp.cpp; path = Int32Array.cc; sourceTree = "<group>"; };
		0656C14E13E2917900459E39 /* Int32Array.h */ = {isa = PBXFileReference; fileEncoding = 4; lastKnownFileType = sourcecode.c.h; path = Int32Array.h; sourceTree = "<group>"; };
		0656C14F13E2917900459E39 /* WebGLActiveInfo.cc */ = {isa = PBXFileReference; fileEncoding = 4; lastKnownFileType = sourcecode.cpp.cpp; path = WebGLActiveInfo.cc; sourceTree = "<group>"; };
		0656C15013E2917900459E39 /* WebGLActiveInfo.h */ = {isa = PBXFileReference; fileEncoding = 4; lastKnownFileType = sourcecode.c.h; path = WebGLActiveInfo.h; sourceTree = "<group>"; };
		0656C15113E2917900459E39 /* WebGLBuffer.cc */ = {isa = PBXFileReference; fileEncoding = 4; lastKnownFileType = sourcecode.cpp.cpp; path = WebGLBuffer.cc; sourceTree = "<group>"; };
		0656C15213E2917900459E39 /* WebGLBuffer.h */ = {isa = PBXFileReference; fileEncoding = 4; lastKnownFileType = sourcecode.c.h; path = WebGLBuffer.h; sourceTree = "<group>"; };
		0656C15313E2917900459E39 /* WebGLContextAttributes.cc */ = {isa = PBXFileReference; fileEncoding = 4; lastKnownFileType = sourcecode.cpp.cpp; path = WebGLContextAttributes.cc; sourceTree = "<group>"; };
		0656C15413E2917900459E39 /* WebGLContextAttributes.h */ = {isa = PBXFileReference; fileEncoding = 4; lastKnownFileType = sourcecode.c.h; path = WebGLContextAttributes.h; sourceTree = "<group>"; };
		0656C15513E2917900459E39 /* WebGLContextEvent.cc */ = {isa = PBXFileReference; fileEncoding = 4; lastKnownFileType = sourcecode.cpp.cpp; path = WebGLContextEvent.cc; sourceTree = "<group>"; };
		0656C15613E2917900459E39 /* WebGLContextEvent.h */ = {isa = PBXFileReference; fileEncoding = 4; lastKnownFileType = sourcecode.c.h; path = WebGLContextEvent.h; sourceTree = "<group>"; };
		0656C15713E2917900459E39 /* WebGLFramebuffer.cc */ = {isa = PBXFileReference; fileEncoding = 4; lastKnownFileType = sourcecode.cpp.cpp; path = WebGLFramebuffer.cc; sourceTree = "<group>"; };
		0656C15813E2917900459E39 /* WebGLFramebuffer.h */ = {isa = PBXFileReference; fileEncoding = 4; lastKnownFileType = sourcecode.c.h; path = WebGLFramebuffer.h; sourceTree = "<group>"; };
		0656C15913E2917900459E39 /* WebGLObject.cc */ = {isa = PBXFileReference; fileEncoding = 4; lastKnownFileType = sourcecode.cpp.cpp; path = WebGLObject.cc; sourceTree = "<group>"; };
		0656C15A13E2917900459E39 /* WebGLObject.h */ = {isa = PBXFileReference; fileEncoding = 4; lastKnownFileType = sourcecode.c.h; path = WebGLObject.h; sourceTree = "<group>"; };
		0656C15B13E2917900459E39 /* WebGLProgram.cc */ = {isa = PBXFileReference; fileEncoding = 4; lastKnownFileType = sourcecode.cpp.cpp; path = WebGLProgram.cc; sourceTree = "<group>"; };
		0656C15C13E2917900459E39 /* WebGLProgram.h */ = {isa = PBXFileReference; fileEncoding = 4; lastKnownFileType = sourcecode.c.h; path = WebGLProgram.h; sourceTree = "<group>"; };
		0656C15D13E2917900459E39 /* WebGLRenderbuffer.cc */ = {isa = PBXFileReference; fileEncoding = 4; lastKnownFileType = sourcecode.cpp.cpp; path = WebGLRenderbuffer.cc; sourceTree = "<group>"; };
		0656C15E13E2917900459E39 /* WebGLRenderbuffer.h */ = {isa = PBXFileReference; fileEncoding = 4; lastKnownFileType = sourcecode.c.h; path = WebGLRenderbuffer.h; sourceTree = "<group>"; };
		0656C15F13E2917900459E39 /* WebGLRenderingContext.cc */ = {isa = PBXFileReference; fileEncoding = 4; lastKnownFileType = sourcecode.cpp.cpp; path = WebGLRenderingContext.cc; sourceTree = "<group>"; };
		0656C16013E2917900459E39 /* WebGLRenderingContext.h */ = {isa = PBXFileReference; fileEncoding = 4; lastKnownFileType = sourcecode.c.h; path = WebGLRenderingContext.h; sourceTree = "<group>"; };
		0656C16113E2917900459E39 /* WebGLShader.cc */ = {isa = PBXFileReference; fileEncoding = 4; lastKnownFileType = sourcecode.cpp.cpp; path = WebGLShader.cc; sourceTree = "<group>"; };
		0656C16213E2917900459E39 /* WebGLShader.h */ = {isa = PBXFileReference; fileEncoding = 4; lastKnownFileType = sourcecode.c.h; path = WebGLShader.h; sourceTree = "<group>"; };
		0656C16313E2917900459E39 /* WebGLTexture.cc */ = {isa = PBXFileReference; fileEncoding = 4; lastKnownFileType = sourcecode.cpp.cpp; path = WebGLTexture.cc; sourceTree = "<group>"; };
		0656C16413E2917900459E39 /* WebGLTexture.h */ = {isa = PBXFileReference; fileEncoding = 4; lastKnownFileType = sourcecode.c.h; path = WebGLTexture.h; sourceTree = "<group>"; };
		0656C16513E2917900459E39 /* WebGLUniformLocation.cc */ = {isa = PBXFileReference; fileEncoding = 4; lastKnownFileType = sourcecode.cpp.cpp; path = WebGLUniformLocation.cc; sourceTree = "<group>"; };
		0656C16613E2917900459E39 /* WebGLUniformLocation.h */ = {isa = PBXFileReference; fileEncoding = 4; lastKnownFileType = sourcecode.c.h; path = WebGLUniformLocation.h; sourceTree = "<group>"; };
		0679664B13E27BCE00328592 /* osx.app */ = {isa = PBXFileReference; explicitFileType = wrapper.application; includeInIndex = 0; path = osx.app; sourceTree = BUILT_PRODUCTS_DIR; };
		0679664F13E27BCE00328592 /* Cocoa.framework */ = {isa = PBXFileReference; lastKnownFileType = wrapper.framework; name = Cocoa.framework; path = System/Library/Frameworks/Cocoa.framework; sourceTree = SDKROOT; };
		0679665213E27BCE00328592 /* AppKit.framework */ = {isa = PBXFileReference; lastKnownFileType = wrapper.framework; name = AppKit.framework; path = System/Library/Frameworks/AppKit.framework; sourceTree = SDKROOT; };
		0679665313E27BCE00328592 /* CoreData.framework */ = {isa = PBXFileReference; lastKnownFileType = wrapper.framework; name = CoreData.framework; path = System/Library/Frameworks/CoreData.framework; sourceTree = SDKROOT; };
		0679665413E27BCE00328592 /* Foundation.framework */ = {isa = PBXFileReference; lastKnownFileType = wrapper.framework; name = Foundation.framework; path = System/Library/Frameworks/Foundation.framework; sourceTree = SDKROOT; };
		0679665713E27BCE00328592 /* osx-Info.plist */ = {isa = PBXFileReference; lastKnownFileType = text.plist.xml; path = "osx-Info.plist"; sourceTree = "<group>"; };
		0679665913E27BCE00328592 /* en */ = {isa = PBXFileReference; lastKnownFileType = text.plist.strings; name = en; path = en.lproj/InfoPlist.strings; sourceTree = "<group>"; };
		0679665B13E27BCE00328592 /* osx-Prefix.pch */ = {isa = PBXFileReference; lastKnownFileType = sourcecode.c.h; path = "osx-Prefix.pch"; sourceTree = "<group>"; };
		0679665C13E27BCE00328592 /* main.m */ = {isa = PBXFileReference; lastKnownFileType = sourcecode.c.objc; path = main.m; sourceTree = "<group>"; };
		0679665F13E27BCE00328592 /* en */ = {isa = PBXFileReference; lastKnownFileType = text.rtf; name = en; path = en.lproj/Credits.rtf; sourceTree = "<group>"; };
		0679666113E27BCE00328592 /* osxAppDelegate.h */ = {isa = PBXFileReference; lastKnownFileType = sourcecode.c.h; path = osxAppDelegate.h; sourceTree = "<group>"; };
		0679666213E27BCE00328592 /* osxAppDelegate.mm */ = {isa = PBXFileReference; lastKnownFileType = sourcecode.cpp.objcpp; path = osxAppDelegate.mm; sourceTree = "<group>"; };
		0679666513E27BCE00328592 /* en */ = {isa = PBXFileReference; lastKnownFileType = file.xib; name = en; path = en.lproj/MainMenu.xib; sourceTree = "<group>"; };
		0679666C13E27BCE00328592 /* osxTests.octest */ = {isa = PBXFileReference; explicitFileType = wrapper.cfbundle; includeInIndex = 0; path = osxTests.octest; sourceTree = BUILT_PRODUCTS_DIR; };
		0679667213E27BCE00328592 /* osxTests-Info.plist */ = {isa = PBXFileReference; lastKnownFileType = text.plist.xml; path = "osxTests-Info.plist"; sourceTree = "<group>"; };
		0679667413E27BCE00328592 /* en */ = {isa = PBXFileReference; lastKnownFileType = text.plist.strings; name = en; path = en.lproj/InfoPlist.strings; sourceTree = "<group>"; };
		0679667613E27BCE00328592 /* osxTests-Prefix.pch */ = {isa = PBXFileReference; lastKnownFileType = sourcecode.c.h; path = "osxTests-Prefix.pch"; sourceTree = "<group>"; };
		0679667713E27BCE00328592 /* osxTests.h */ = {isa = PBXFileReference; lastKnownFileType = sourcecode.c.h; path = osxTests.h; sourceTree = "<group>"; };
		0679667913E27BCE00328592 /* osxTests.m */ = {isa = PBXFileReference; lastKnownFileType = sourcecode.c.objc; path = osxTests.m; sourceTree = "<group>"; };
		0679668313E27BE800328592 /* OpenGL.framework */ = {isa = PBXFileReference; lastKnownFileType = wrapper.framework; name = OpenGL.framework; path = System/Library/Frameworks/OpenGL.framework; sourceTree = SDKROOT; };
		0679668713E27C6D00328592 /* WebGLView.h */ = {isa = PBXFileReference; fileEncoding = 4; lastKnownFileType = sourcecode.c.h; path = WebGLView.h; sourceTree = "<group>"; };
		0679668813E27C6D00328592 /* WebGLView.mm */ = {isa = PBXFileReference; fileEncoding = 4; lastKnownFileType = sourcecode.cpp.objcpp; path = WebGLView.mm; sourceTree = "<group>"; };
		06D9569213E27F95001FC259 /* QuartzCore.framework */ = {isa = PBXFileReference; lastKnownFileType = wrapper.framework; name = QuartzCore.framework; path = System/Library/Frameworks/QuartzCore.framework; sourceTree = SDKROOT; };
/* End PBXFileReference section */

/* Begin PBXFrameworksBuildPhase section */
		0679664813E27BCE00328592 /* Frameworks */ = {
			isa = PBXFrameworksBuildPhase;
			buildActionMask = 2147483647;
			files = (
				0679668413E27BE800328592 /* OpenGL.framework in Frameworks */,
				0679665013E27BCE00328592 /* Cocoa.framework in Frameworks */,
			);
			runOnlyForDeploymentPostprocessing = 0;
		};
		0679666813E27BCE00328592 /* Frameworks */ = {
			isa = PBXFrameworksBuildPhase;
			buildActionMask = 2147483647;
			files = (
				0679666D13E27BCE00328592 /* Cocoa.framework in Frameworks */,
			);
			runOnlyForDeploymentPostprocessing = 0;
		};
/* End PBXFrameworksBuildPhase section */

/* Begin PBXGroup section */
		0656C13713E2917900459E39 /* src */ = {
			isa = PBXGroup;
			children = (
				0656C13813E2917900459E39 /* arch */,
				0656C13B13E2917900459E39 /* ArrayBuffer.cc */,
				0656C13C13E2917900459E39 /* ArrayBuffer.h */,
				0656C13D13E2917900459E39 /* ArrayBufferView.cc */,
				0656C13E13E2917900459E39 /* ArrayBufferView.h */,
				0656C13F13E2917900459E39 /* DOMString.cc */,
				0656C14013E2917900459E39 /* DOMString.h */,
				0656C14113E2917900459E39 /* Event.cc */,
				0656C14213E2917900459E39 /* Event.h */,
				0656C14313E2917900459E39 /* FloatArray.cc */,
				0656C14413E2917900459E39 /* FloatArray.h */,
				0656C14513E2917900459E39 /* HTMLCanvasElement.cc */,
				0656C14613E2917900459E39 /* HTMLCanvasElement.h */,
				0656C14713E2917900459E39 /* HTMLImageElement.cc */,
				0656C14813E2917900459E39 /* HTMLImageElement.h */,
				0656C14913E2917900459E39 /* HTMLVideoElement.cc */,
				0656C14A13E2917900459E39 /* HTMLVideoElement.h */,
				0656C14B13E2917900459E39 /* ImageData.cc */,
				0656C14C13E2917900459E39 /* ImageData.h */,
				0656C14D13E2917900459E39 /* Int32Array.cc */,
				0656C14E13E2917900459E39 /* Int32Array.h */,
				0656C14F13E2917900459E39 /* WebGLActiveInfo.cc */,
				0656C15013E2917900459E39 /* WebGLActiveInfo.h */,
				0656C15113E2917900459E39 /* WebGLBuffer.cc */,
				0656C15213E2917900459E39 /* WebGLBuffer.h */,
				0656C15313E2917900459E39 /* WebGLContextAttributes.cc */,
				0656C15413E2917900459E39 /* WebGLContextAttributes.h */,
				0656C15513E2917900459E39 /* WebGLContextEvent.cc */,
				0656C15613E2917900459E39 /* WebGLContextEvent.h */,
				0656C15713E2917900459E39 /* WebGLFramebuffer.cc */,
				0656C15813E2917900459E39 /* WebGLFramebuffer.h */,
				0656C15913E2917900459E39 /* WebGLObject.cc */,
				0656C15A13E2917900459E39 /* WebGLObject.h */,
				0656C15B13E2917900459E39 /* WebGLProgram.cc */,
				0656C15C13E2917900459E39 /* WebGLProgram.h */,
				0656C15D13E2917900459E39 /* WebGLRenderbuffer.cc */,
				0656C15E13E2917900459E39 /* WebGLRenderbuffer.h */,
				0656C15F13E2917900459E39 /* WebGLRenderingContext.cc */,
				0656C16013E2917900459E39 /* WebGLRenderingContext.h */,
				0656C16113E2917900459E39 /* WebGLShader.cc */,
				0656C16213E2917900459E39 /* WebGLShader.h */,
				0656C16313E2917900459E39 /* WebGLTexture.cc */,
				0656C16413E2917900459E39 /* WebGLTexture.h */,
				0656C16513E2917900459E39 /* WebGLUniformLocation.cc */,
				0656C16613E2917900459E39 /* WebGLUniformLocation.h */,
			);
			name = src;
			path = ../../src;
			sourceTree = "<group>";
		};
		0656C13813E2917900459E39 /* arch */ = {
			isa = PBXGroup;
			children = (
				0656C13913E2917900459E39 /* .gitignore */,
				0656C13A13E2917900459E39 /* wrapper.h */,
			);
			path = arch;
			sourceTree = "<group>";
		};
		0679664013E27BCE00328592 = {
			isa = PBXGroup;
			children = (
				06D9569A13E2884D001FC259 /* WebGL-standalone */,
				06D9569213E27F95001FC259 /* QuartzCore.framework */,
				0679665513E27BCE00328592 /* osx */,
				0679667013E27BCE00328592 /* osxTests */,
				0679664E13E27BCE00328592 /* Frameworks */,
				0679664C13E27BCE00328592 /* Products */,
			);
			sourceTree = "<group>";
		};
		0679664C13E27BCE00328592 /* Products */ = {
			isa = PBXGroup;
			children = (
				0679664B13E27BCE00328592 /* osx.app */,
				0679666C13E27BCE00328592 /* osxTests.octest */,
			);
			name = Products;
			sourceTree = "<group>";
		};
		0679664E13E27BCE00328592 /* Frameworks */ = {
			isa = PBXGroup;
			children = (
				0679668313E27BE800328592 /* OpenGL.framework */,
				0679664F13E27BCE00328592 /* Cocoa.framework */,
				0679665113E27BCE00328592 /* Other Frameworks */,
			);
			name = Frameworks;
			sourceTree = "<group>";
		};
		0679665113E27BCE00328592 /* Other Frameworks */ = {
			isa = PBXGroup;
			children = (
				0679665213E27BCE00328592 /* AppKit.framework */,
				0679665313E27BCE00328592 /* CoreData.framework */,
				0679665413E27BCE00328592 /* Foundation.framework */,
			);
			name = "Other Frameworks";
			sourceTree = "<group>";
		};
		0679665513E27BCE00328592 /* osx */ = {
			isa = PBXGroup;
			children = (
				0679666113E27BCE00328592 /* osxAppDelegate.h */,
				0679666213E27BCE00328592 /* osxAppDelegate.mm */,
				0679666413E27BCE00328592 /* MainMenu.xib */,
				0679665613E27BCE00328592 /* Supporting Files */,
				0679668713E27C6D00328592 /* WebGLView.h */,
				0679668813E27C6D00328592 /* WebGLView.mm */,
			);
			path = osx;
			sourceTree = "<group>";
		};
		0679665613E27BCE00328592 /* Supporting Files */ = {
			isa = PBXGroup;
			children = (
				0679665713E27BCE00328592 /* osx-Info.plist */,
				0679665813E27BCE00328592 /* InfoPlist.strings */,
				0679665B13E27BCE00328592 /* osx-Prefix.pch */,
				0679665C13E27BCE00328592 /* main.m */,
				0679665E13E27BCE00328592 /* Credits.rtf */,
			);
			name = "Supporting Files";
			sourceTree = "<group>";
		};
		0679667013E27BCE00328592 /* osxTests */ = {
			isa = PBXGroup;
			children = (
				0679667713E27BCE00328592 /* osxTests.h */,
				0679667913E27BCE00328592 /* osxTests.m */,
				0679667113E27BCE00328592 /* Supporting Files */,
			);
			path = osxTests;
			sourceTree = "<group>";
		};
		0679667113E27BCE00328592 /* Supporting Files */ = {
			isa = PBXGroup;
			children = (
				0679667213E27BCE00328592 /* osxTests-Info.plist */,
				0679667313E27BCE00328592 /* InfoPlist.strings */,
				0679667613E27BCE00328592 /* osxTests-Prefix.pch */,
			);
			name = "Supporting Files";
			sourceTree = "<group>";
		};
		06D9569A13E2884D001FC259 /* WebGL-standalone */ = {
			isa = PBXGroup;
			children = (
				0656C13713E2917900459E39 /* src */,
			);
			name = "WebGL-standalone";
			sourceTree = "<group>";
		};
/* End PBXGroup section */

/* Begin PBXNativeTarget section */
		0679664A13E27BCE00328592 /* osx */ = {
			isa = PBXNativeTarget;
			buildConfigurationList = 0679667D13E27BCE00328592 /* Build configuration list for PBXNativeTarget "osx" */;
			buildPhases = (
				0679664713E27BCE00328592 /* Sources */,
				0679664813E27BCE00328592 /* Frameworks */,
				0679664913E27BCE00328592 /* Resources */,
			);
			buildRules = (
			);
			dependencies = (
			);
			name = osx;
			productName = osx;
			productReference = 0679664B13E27BCE00328592 /* osx.app */;
			productType = "com.apple.product-type.application";
		};
		0679666B13E27BCE00328592 /* osxTests */ = {
			isa = PBXNativeTarget;
			buildConfigurationList = 0679668013E27BCE00328592 /* Build configuration list for PBXNativeTarget "osxTests" */;
			buildPhases = (
				0679666713E27BCE00328592 /* Sources */,
				0679666813E27BCE00328592 /* Frameworks */,
				0679666913E27BCE00328592 /* Resources */,
				0679666A13E27BCE00328592 /* ShellScript */,
			);
			buildRules = (
			);
			dependencies = (
				0679666F13E27BCE00328592 /* PBXTargetDependency */,
			);
			name = osxTests;
			productName = osxTests;
			productReference = 0679666C13E27BCE00328592 /* osxTests.octest */;
			productType = "com.apple.product-type.bundle";
		};
/* End PBXNativeTarget section */

/* Begin PBXProject section */
		0679664213E27BCE00328592 /* Project object */ = {
			isa = PBXProject;
			buildConfigurationList = 0679664513E27BCE00328592 /* Build configuration list for PBXProject "osx" */;
			compatibilityVersion = "Xcode 3.2";
			developmentRegion = English;
			hasScannedForEncodings = 0;
			knownRegions = (
				en,
			);
			mainGroup = 0679664013E27BCE00328592;
			productRefGroup = 0679664C13E27BCE00328592 /* Products */;
			projectDirPath = "";
			projectRoot = "";
			targets = (
				0679664A13E27BCE00328592 /* osx */,
				0679666B13E27BCE00328592 /* osxTests */,
			);
		};
/* End PBXProject section */

/* Begin PBXResourcesBuildPhase section */
		0679664913E27BCE00328592 /* Resources */ = {
			isa = PBXResourcesBuildPhase;
			buildActionMask = 2147483647;
			files = (
				0679665A13E27BCE00328592 /* InfoPlist.strings in Resources */,
				0679666013E27BCE00328592 /* Credits.rtf in Resources */,
				0679666613E27BCE00328592 /* MainMenu.xib in Resources */,
				0656C16713E2917900459E39 /* .gitignore in Resources */,
			);
			runOnlyForDeploymentPostprocessing = 0;
		};
		0679666913E27BCE00328592 /* Resources */ = {
			isa = PBXResourcesBuildPhase;
			buildActionMask = 2147483647;
			files = (
				0679667513E27BCE00328592 /* InfoPlist.strings in Resources */,
				0679667813E27BCE00328592 /* osxTests.h in Resources */,
			);
			runOnlyForDeploymentPostprocessing = 0;
		};
/* End PBXResourcesBuildPhase section */

/* Begin PBXShellScriptBuildPhase section */
		0679666A13E27BCE00328592 /* ShellScript */ = {
			isa = PBXShellScriptBuildPhase;
			buildActionMask = 2147483647;
			files = (
			);
			inputPaths = (
			);
			outputPaths = (
			);
			runOnlyForDeploymentPostprocessing = 0;
			shellPath = /bin/sh;
			shellScript = "# Run the unit tests in this test bundle.\n\"${SYSTEM_DEVELOPER_DIR}/Tools/RunUnitTests\"\n";
		};
/* End PBXShellScriptBuildPhase section */

/* Begin PBXSourcesBuildPhase section */
		0679664713E27BCE00328592 /* Sources */ = {
			isa = PBXSourcesBuildPhase;
			buildActionMask = 2147483647;
			files = (
				0679665D13E27BCE00328592 /* main.m in Sources */,
				0679666313E27BCE00328592 /* osxAppDelegate.mm in Sources */,
				0679668913E27C6D00328592 /* WebGLView.mm in Sources */,
				0656C16813E2917900459E39 /* ArrayBuffer.cc in Sources */,
				0656C16913E2917900459E39 /* ArrayBufferView.cc in Sources */,
				0656C16A13E2917900459E39 /* DOMString.cc in Sources */,
				0656C16B13E2917900459E39 /* Event.cc in Sources */,
				0656C16C13E2917900459E39 /* FloatArray.cc in Sources */,
				0656C16D13E2917900459E39 /* HTMLCanvasElement.cc in Sources */,
				0656C16E13E2917900459E39 /* HTMLImageElement.cc in Sources */,
				0656C16F13E2917900459E39 /* HTMLVideoElement.cc in Sources */,
				0656C17013E2917900459E39 /* ImageData.cc in Sources */,
				0656C17113E2917900459E39 /* Int32Array.cc in Sources */,
				0656C17213E2917900459E39 /* WebGLActiveInfo.cc in Sources */,
				0656C17313E2917900459E39 /* WebGLBuffer.cc in Sources */,
				0656C17413E2917900459E39 /* WebGLContextAttributes.cc in Sources */,
				0656C17513E2917900459E39 /* WebGLContextEvent.cc in Sources */,
				0656C17613E2917900459E39 /* WebGLFramebuffer.cc in Sources */,
				0656C17713E2917900459E39 /* WebGLObject.cc in Sources */,
				0656C17813E2917900459E39 /* WebGLProgram.cc in Sources */,
				0656C17913E2917900459E39 /* WebGLRenderbuffer.cc in Sources */,
				0656C17A13E2917900459E39 /* WebGLRenderingContext.cc in Sources */,
				0656C17B13E2917900459E39 /* WebGLShader.cc in Sources */,
				0656C17C13E2917900459E39 /* WebGLTexture.cc in Sources */,
				0656C17D13E2917900459E39 /* WebGLUniformLocation.cc in Sources */,
			);
			runOnlyForDeploymentPostprocessing = 0;
		};
		0679666713E27BCE00328592 /* Sources */ = {
			isa = PBXSourcesBuildPhase;
			buildActionMask = 2147483647;
			files = (
				0679667A13E27BCE00328592 /* osxTests.m in Sources */,
			);
			runOnlyForDeploymentPostprocessing = 0;
		};
/* End PBXSourcesBuildPhase section */

/* Begin PBXTargetDependency section */
		0679666F13E27BCE00328592 /* PBXTargetDependency */ = {
			isa = PBXTargetDependency;
			target = 0679664A13E27BCE00328592 /* osx */;
			targetProxy = 0679666E13E27BCE00328592 /* PBXContainerItemProxy */;
		};
/* End PBXTargetDependency section */

/* Begin PBXVariantGroup section */
		0679665813E27BCE00328592 /* InfoPlist.strings */ = {
			isa = PBXVariantGroup;
			children = (
				0679665913E27BCE00328592 /* en */,
			);
			name = InfoPlist.strings;
			sourceTree = "<group>";
		};
		0679665E13E27BCE00328592 /* Credits.rtf */ = {
			isa = PBXVariantGroup;
			children = (
				0679665F13E27BCE00328592 /* en */,
			);
			name = Credits.rtf;
			sourceTree = "<group>";
		};
		0679666413E27BCE00328592 /* MainMenu.xib */ = {
			isa = PBXVariantGroup;
			children = (
				0679666513E27BCE00328592 /* en */,
			);
			name = MainMenu.xib;
			sourceTree = "<group>";
		};
		0679667313E27BCE00328592 /* InfoPlist.strings */ = {
			isa = PBXVariantGroup;
			children = (
				0679667413E27BCE00328592 /* en */,
			);
			name = InfoPlist.strings;
			sourceTree = "<group>";
		};
/* End PBXVariantGroup section */

/* Begin XCBuildConfiguration section */
		0679667B13E27BCE00328592 /* Debug */ = {
			isa = XCBuildConfiguration;
			buildSettings = {
				ARCHS = "$(ARCHS_STANDARD_32_64_BIT)";
				GCC_C_LANGUAGE_STANDARD = gnu99;
				GCC_OPTIMIZATION_LEVEL = 0;
				GCC_PREPROCESSOR_DEFINITIONS = DEBUG;
				GCC_SYMBOLS_PRIVATE_EXTERN = NO;
				GCC_VERSION = com.apple.compilers.llvm.clang.1_0;
				GCC_WARN_64_TO_32_BIT_CONVERSION = YES;
				GCC_WARN_ABOUT_RETURN_TYPE = YES;
				GCC_WARN_UNUSED_VARIABLE = YES;
				MACOSX_DEPLOYMENT_TARGET = 10.6;
				ONLY_ACTIVE_ARCH = YES;
				SDKROOT = macosx;
			};
			name = Debug;
		};
		0679667C13E27BCE00328592 /* Release */ = {
			isa = XCBuildConfiguration;
			buildSettings = {
				ARCHS = "$(ARCHS_STANDARD_32_64_BIT)";
				GCC_C_LANGUAGE_STANDARD = gnu99;
				GCC_VERSION = com.apple.compilers.llvm.clang.1_0;
				GCC_WARN_64_TO_32_BIT_CONVERSION = YES;
				GCC_WARN_ABOUT_RETURN_TYPE = YES;
				GCC_WARN_UNUSED_VARIABLE = YES;
				MACOSX_DEPLOYMENT_TARGET = 10.6;
				SDKROOT = macosx;
			};
			name = Release;
		};
		0679667E13E27BCE00328592 /* Debug */ = {
			isa = XCBuildConfiguration;
			buildSettings = {
				ALWAYS_SEARCH_USER_PATHS = NO;
				COPY_PHASE_STRIP = NO;
				GCC_DYNAMIC_NO_PIC = NO;
				GCC_ENABLE_OBJC_EXCEPTIONS = YES;
				GCC_PRECOMPILE_PREFIX_HEADER = YES;
				GCC_PREFIX_HEADER = "osx/osx-Prefix.pch";
				INFOPLIST_FILE = "osx/osx-Info.plist";
				PRODUCT_NAME = "$(TARGET_NAME)";
				WRAPPER_EXTENSION = app;
			};
			name = Debug;
		};
		0679667F13E27BCE00328592 /* Release */ = {
			isa = XCBuildConfiguration;
			buildSettings = {
				ALWAYS_SEARCH_USER_PATHS = NO;
				COPY_PHASE_STRIP = YES;
				DEBUG_INFORMATION_FORMAT = "dwarf-with-dsym";
				GCC_ENABLE_OBJC_EXCEPTIONS = YES;
				GCC_PRECOMPILE_PREFIX_HEADER = YES;
				GCC_PREFIX_HEADER = "osx/osx-Prefix.pch";
				INFOPLIST_FILE = "osx/osx-Info.plist";
				PRODUCT_NAME = "$(TARGET_NAME)";
				WRAPPER_EXTENSION = app;
			};
			name = Release;
		};
		0679668113E27BCE00328592 /* Debug */ = {
			isa = XCBuildConfiguration;
			buildSettings = {
				ALWAYS_SEARCH_USER_PATHS = NO;
				BUNDLE_LOADER = "$(BUILT_PRODUCTS_DIR)/osx.app/Contents/MacOS/osx";
				COPY_PHASE_STRIP = NO;
				FRAMEWORK_SEARCH_PATHS = "$(DEVELOPER_LIBRARY_DIR)/Frameworks";
				GCC_DYNAMIC_NO_PIC = NO;
				GCC_ENABLE_OBJC_EXCEPTIONS = YES;
				GCC_PRECOMPILE_PREFIX_HEADER = YES;
				GCC_PREFIX_HEADER = "osxTests/osxTests-Prefix.pch";
				INFOPLIST_FILE = "osxTests/osxTests-Info.plist";
				OTHER_LDFLAGS = (
					"-framework",
					SenTestingKit,
				);
				PRODUCT_NAME = "$(TARGET_NAME)";
				TEST_HOST = "$(BUNDLE_LOADER)";
				WRAPPER_EXTENSION = octest;
			};
			name = Debug;
		};
		0679668213E27BCE00328592 /* Release */ = {
			isa = XCBuildConfiguration;
			buildSettings = {
				ALWAYS_SEARCH_USER_PATHS = NO;
				BUNDLE_LOADER = "$(BUILT_PRODUCTS_DIR)/osx.app/Contents/MacOS/osx";
				COPY_PHASE_STRIP = YES;
				DEBUG_INFORMATION_FORMAT = "dwarf-with-dsym";
				FRAMEWORK_SEARCH_PATHS = "$(DEVELOPER_LIBRARY_DIR)/Frameworks";
				GCC_ENABLE_OBJC_EXCEPTIONS = YES;
				GCC_PRECOMPILE_PREFIX_HEADER = YES;
				GCC_PREFIX_HEADER = "osxTests/osxTests-Prefix.pch";
				INFOPLIST_FILE = "osxTests/osxTests-Info.plist";
				OTHER_LDFLAGS = (
					"-framework",
					SenTestingKit,
				);
				PRODUCT_NAME = "$(TARGET_NAME)";
				TEST_HOST = "$(BUNDLE_LOADER)";
				WRAPPER_EXTENSION = octest;
			};
			name = Release;
		};
/* End XCBuildConfiguration section */

/* Begin XCConfigurationList section */
		0679664513E27BCE00328592 /* Build configuration list for PBXProject "osx" */ = {
			isa = XCConfigurationList;
			buildConfigurations = (
				0679667B13E27BCE00328592 /* Debug */,
				0679667C13E27BCE00328592 /* Release */,
			);
			defaultConfigurationIsVisible = 0;
			defaultConfigurationName = Release;
		};
		0679667D13E27BCE00328592 /* Build configuration list for PBXNativeTarget "osx" */ = {
			isa = XCConfigurationList;
			buildConfigurations = (
				0679667E13E27BCE00328592 /* Debug */,
				0679667F13E27BCE00328592 /* Release */,
			);
			defaultConfigurationIsVisible = 0;
			defaultConfigurationName = Release;
		};
		0679668013E27BCE00328592 /* Build configuration list for PBXNativeTarget "osxTests" */ = {
			isa = XCConfigurationList;
			buildConfigurations = (
				0679668113E27BCE00328592 /* Debug */,
				0679668213E27BCE00328592 /* Release */,
			);
			defaultConfigurationIsVisible = 0;
			defaultConfigurationName = Release;
		};
/* End XCConfigurationList section */
	};
	rootObject = 0679664213E27BCE00328592 /* Project object */;
}
