// !$*UTF8*$!
{
	archiveVersion = 1;
	classes = {
	};
	objectVersion = 46;
	objects = {

/* Begin PBXBuildFile section */
		066614CA13E271F4005FCE43 /* Cocoa.framework in Frameworks */ = {isa = PBXBuildFile; fileRef = 066614C913E271F4005FCE43 /* Cocoa.framework */; };
		066614D413E271F4005FCE43 /* InfoPlist.strings in Resources */ = {isa = PBXBuildFile; fileRef = 066614D213E271F4005FCE43 /* InfoPlist.strings */; };
		066614D713E271F4005FCE43 /* main.m in Sources */ = {isa = PBXBuildFile; fileRef = 066614D613E271F4005FCE43 /* main.m */; };
		066614DA13E271F4005FCE43 /* Credits.rtf in Resources */ = {isa = PBXBuildFile; fileRef = 066614D813E271F4005FCE43 /* Credits.rtf */; };
		066614DD13E271F4005FCE43 /* webgl_standaloneAppDelegate.m in Sources */ = {isa = PBXBuildFile; fileRef = 066614DC13E271F4005FCE43 /* webgl_standaloneAppDelegate.m */; };
		066614E013E271F4005FCE43 /* MainMenu.xib in Resources */ = {isa = PBXBuildFile; fileRef = 066614DE13E271F4005FCE43 /* MainMenu.xib */; };
		066614E713E271F4005FCE43 /* Cocoa.framework in Frameworks */ = {isa = PBXBuildFile; fileRef = 066614C913E271F4005FCE43 /* Cocoa.framework */; };
		066614EF13E271F4005FCE43 /* InfoPlist.strings in Resources */ = {isa = PBXBuildFile; fileRef = 066614ED13E271F4005FCE43 /* InfoPlist.strings */; };
		066614F213E271F4005FCE43 /* webgl_standaloneTests.h in Resources */ = {isa = PBXBuildFile; fileRef = 066614F113E271F4005FCE43 /* webgl_standaloneTests.h */; };
		066614F413E271F4005FCE43 /* webgl_standaloneTests.m in Sources */ = {isa = PBXBuildFile; fileRef = 066614F313E271F4005FCE43 /* webgl_standaloneTests.m */; };
/* End PBXBuildFile section */

/* Begin PBXContainerItemProxy section */
		066614E813E271F4005FCE43 /* PBXContainerItemProxy */ = {
			isa = PBXContainerItemProxy;
			containerPortal = 066614BC13E271F4005FCE43 /* Project object */;
			proxyType = 1;
			remoteGlobalIDString = 066614C413E271F4005FCE43;
			remoteInfo = "webgl-standalone";
		};
/* End PBXContainerItemProxy section */

/* Begin PBXFileReference section */
		066614C513E271F4005FCE43 /* webgl-standalone.app */ = {isa = PBXFileReference; explicitFileType = wrapper.application; includeInIndex = 0; path = "webgl-standalone.app"; sourceTree = BUILT_PRODUCTS_DIR; };
		066614C913E271F4005FCE43 /* Cocoa.framework */ = {isa = PBXFileReference; lastKnownFileType = wrapper.framework; name = Cocoa.framework; path = System/Library/Frameworks/Cocoa.framework; sourceTree = SDKROOT; };
		066614CC13E271F4005FCE43 /* AppKit.framework */ = {isa = PBXFileReference; lastKnownFileType = wrapper.framework; name = AppKit.framework; path = System/Library/Frameworks/AppKit.framework; sourceTree = SDKROOT; };
		066614CD13E271F4005FCE43 /* CoreData.framework */ = {isa = PBXFileReference; lastKnownFileType = wrapper.framework; name = CoreData.framework; path = System/Library/Frameworks/CoreData.framework; sourceTree = SDKROOT; };
		066614CE13E271F4005FCE43 /* Foundation.framework */ = {isa = PBXFileReference; lastKnownFileType = wrapper.framework; name = Foundation.framework; path = System/Library/Frameworks/Foundation.framework; sourceTree = SDKROOT; };
		066614D113E271F4005FCE43 /* webgl-standalone-Info.plist */ = {isa = PBXFileReference; path = "webgl-standalone-Info.plist"; sourceTree = "<group>"; };
		066614D313E271F4005FCE43 /* en */ = {isa = PBXFileReference; lastKnownFileType = text.plist.strings; name = en; path = en.lproj/InfoPlist.strings; sourceTree = "<group>"; };
		066614D513E271F4005FCE43 /* webgl-standalone-Prefix.pch */ = {isa = PBXFileReference; path = "webgl-standalone-Prefix.pch"; sourceTree = "<group>"; };
		066614D613E271F4005FCE43 /* main.m */ = {isa = PBXFileReference; lastKnownFileType = sourcecode.c.objc; path = main.m; sourceTree = "<group>"; };
		066614D913E271F4005FCE43 /* en */ = {isa = PBXFileReference; lastKnownFileType = text.rtf; name = en; path = en.lproj/Credits.rtf; sourceTree = "<group>"; };
		066614DB13E271F4005FCE43 /* webgl_standaloneAppDelegate.h */ = {isa = PBXFileReference; path = webgl_standaloneAppDelegate.h; sourceTree = "<group>"; };
		066614DC13E271F4005FCE43 /* webgl_standaloneAppDelegate.m */ = {isa = PBXFileReference; lastKnownFileType = sourcecode.c.objc; path = webgl_standaloneAppDelegate.m; sourceTree = "<group>"; };
		066614DF13E271F4005FCE43 /* en */ = {isa = PBXFileReference; lastKnownFileType = file.xib; name = en; path = en.lproj/MainMenu.xib; sourceTree = "<group>"; };
		066614E613E271F4005FCE43 /* webgl-standaloneTests.octest */ = {isa = PBXFileReference; explicitFileType = wrapper.cfbundle; includeInIndex = 0; path = "webgl-standaloneTests.octest"; sourceTree = BUILT_PRODUCTS_DIR; };
		066614EC13E271F4005FCE43 /* webgl-standaloneTests-Info.plist */ = {isa = PBXFileReference; path = "webgl-standaloneTests-Info.plist"; sourceTree = "<group>"; };
		066614EE13E271F4005FCE43 /* en */ = {isa = PBXFileReference; lastKnownFileType = text.plist.strings; name = en; path = en.lproj/InfoPlist.strings; sourceTree = "<group>"; };
		066614F013E271F4005FCE43 /* webgl-standaloneTests-Prefix.pch */ = {isa = PBXFileReference; path = "webgl-standaloneTests-Prefix.pch"; sourceTree = "<group>"; };
		066614F113E271F4005FCE43 /* webgl_standaloneTests.h */ = {isa = PBXFileReference; lastKnownFileType = sourcecode.c.h; path = webgl_standaloneTests.h; sourceTree = "<group>"; };
		066614F313E271F4005FCE43 /* webgl_standaloneTests.m */ = {isa = PBXFileReference; lastKnownFileType = sourcecode.c.objc; path = webgl_standaloneTests.m; sourceTree = "<group>"; };
/* End PBXFileReference section */

/* Begin PBXFrameworksBuildPhase section */
		066614C213E271F4005FCE43 /* Frameworks */ = {
			isa = PBXFrameworksBuildPhase;
			buildActionMask = 2147483647;
			files = (
				066614CA13E271F4005FCE43 /* Cocoa.framework in Frameworks */,
			);
			runOnlyForDeploymentPostprocessing = 0;
		};
		066614E213E271F4005FCE43 /* Frameworks */ = {
			isa = PBXFrameworksBuildPhase;
			buildActionMask = 2147483647;
			files = (
				066614E713E271F4005FCE43 /* Cocoa.framework in Frameworks */,
			);
			runOnlyForDeploymentPostprocessing = 0;
		};
/* End PBXFrameworksBuildPhase section */

/* Begin PBXGroup section */
		066614BA13E271F4005FCE43 = {
			isa = PBXGroup;
			children = (
				066614CF13E271F4005FCE43 /* webgl-standalone */,
				066614EA13E271F4005FCE43 /* webgl-standaloneTests */,
				066614C813E271F4005FCE43 /* Frameworks */,
				066614C613E271F4005FCE43 /* Products */,
			);
			sourceTree = "<group>";
		};
		066614C613E271F4005FCE43 /* Products */ = {
			isa = PBXGroup;
			children = (
				066614C513E271F4005FCE43 /* webgl-standalone.app */,
				066614E613E271F4005FCE43 /* webgl-standaloneTests.octest */,
			);
			name = Products;
			sourceTree = "<group>";
		};
		066614C813E271F4005FCE43 /* Frameworks */ = {
			isa = PBXGroup;
			children = (
				066614C913E271F4005FCE43 /* Cocoa.framework */,
				066614CB13E271F4005FCE43 /* Other Frameworks */,
			);
			name = Frameworks;
			sourceTree = "<group>";
		};
		066614CB13E271F4005FCE43 /* Other Frameworks */ = {
			isa = PBXGroup;
			children = (
				066614CC13E271F4005FCE43 /* AppKit.framework */,
				066614CD13E271F4005FCE43 /* CoreData.framework */,
				066614CE13E271F4005FCE43 /* Foundation.framework */,
			);
			name = "Other Frameworks";
			sourceTree = "<group>";
		};
		066614CF13E271F4005FCE43 /* webgl-standalone */ = {
			isa = PBXGroup;
			children = (
				066614DB13E271F4005FCE43 /* webgl_standaloneAppDelegate.h */,
				066614DC13E271F4005FCE43 /* webgl_standaloneAppDelegate.m */,
				066614DE13E271F4005FCE43 /* MainMenu.xib */,
				066614D013E271F4005FCE43 /* Supporting Files */,
			);
			path = "webgl-standalone";
			sourceTree = "<group>";
		};
		066614D013E271F4005FCE43 /* Supporting Files */ = {
			isa = PBXGroup;
			children = (
				066614D113E271F4005FCE43 /* webgl-standalone-Info.plist */,
				066614D213E271F4005FCE43 /* InfoPlist.strings */,
				066614D513E271F4005FCE43 /* webgl-standalone-Prefix.pch */,
				066614D613E271F4005FCE43 /* main.m */,
				066614D813E271F4005FCE43 /* Credits.rtf */,
			);
			name = "Supporting Files";
			sourceTree = "<group>";
		};
		066614EA13E271F4005FCE43 /* webgl-standaloneTests */ = {
			isa = PBXGroup;
			children = (
				066614F113E271F4005FCE43 /* webgl_standaloneTests.h */,
				066614F313E271F4005FCE43 /* webgl_standaloneTests.m */,
				066614EB13E271F4005FCE43 /* Supporting Files */,
			);
			path = "webgl-standaloneTests";
			sourceTree = "<group>";
		};
		066614EB13E271F4005FCE43 /* Supporting Files */ = {
			isa = PBXGroup;
			children = (
				066614EC13E271F4005FCE43 /* webgl-standaloneTests-Info.plist */,
				066614ED13E271F4005FCE43 /* InfoPlist.strings */,
				066614F013E271F4005FCE43 /* webgl-standaloneTests-Prefix.pch */,
			);
			name = "Supporting Files";
			sourceTree = "<group>";
		};
/* End PBXGroup section */

/* Begin PBXNativeTarget section */
		066614C413E271F4005FCE43 /* webgl-standalone */ = {
			isa = PBXNativeTarget;
			buildConfigurationList = 066614F713E271F4005FCE43 /* Build configuration list for PBXNativeTarget "webgl-standalone" */;
			buildPhases = (
				066614C113E271F4005FCE43 /* Sources */,
				066614C213E271F4005FCE43 /* Frameworks */,
				066614C313E271F4005FCE43 /* Resources */,
			);
			buildRules = (
			);
			dependencies = (
			);
			name = "webgl-standalone";
			productName = "webgl-standalone";
			productReference = 066614C513E271F4005FCE43 /* webgl-standalone.app */;
			productType = "com.apple.product-type.application";
		};
		066614E513E271F4005FCE43 /* webgl-standaloneTests */ = {
			isa = PBXNativeTarget;
			buildConfigurationList = 066614FA13E271F4005FCE43 /* Build configuration list for PBXNativeTarget "webgl-standaloneTests" */;
			buildPhases = (
				066614E113E271F4005FCE43 /* Sources */,
				066614E213E271F4005FCE43 /* Frameworks */,
				066614E313E271F4005FCE43 /* Resources */,
				066614E413E271F4005FCE43 /* ShellScript */,
			);
			buildRules = (
			);
			dependencies = (
				066614E913E271F4005FCE43 /* PBXTargetDependency */,
			);
			name = "webgl-standaloneTests";
			productName = "webgl-standaloneTests";
			productReference = 066614E613E271F4005FCE43 /* webgl-standaloneTests.octest */;
			productType = "com.apple.product-type.bundle";
		};
/* End PBXNativeTarget section */

/* Begin PBXProject section */
		066614BC13E271F4005FCE43 /* Project object */ = {
			isa = PBXProject;
			buildConfigurationList = 066614BF13E271F4005FCE43 /* Build configuration list for PBXProject "webgl-standalone" */;
			compatibilityVersion = "Xcode 3.2";
			developmentRegion = English;
			hasScannedForEncodings = 0;
			knownRegions = (
				en,
			);
			mainGroup = 066614BA13E271F4005FCE43;
			productRefGroup = 066614C613E271F4005FCE43 /* Products */;
			projectDirPath = "";
			projectRoot = "";
			targets = (
				066614C413E271F4005FCE43 /* webgl-standalone */,
				066614E513E271F4005FCE43 /* webgl-standaloneTests */,
			);
		};
/* End PBXProject section */

/* Begin PBXResourcesBuildPhase section */
		066614C313E271F4005FCE43 /* Resources */ = {
			isa = PBXResourcesBuildPhase;
			buildActionMask = 2147483647;
			files = (
				066614D413E271F4005FCE43 /* InfoPlist.strings in Resources */,
				066614DA13E271F4005FCE43 /* Credits.rtf in Resources */,
				066614E013E271F4005FCE43 /* MainMenu.xib in Resources */,
			);
			runOnlyForDeploymentPostprocessing = 0;
		};
		066614E313E271F4005FCE43 /* Resources */ = {
			isa = PBXResourcesBuildPhase;
			buildActionMask = 2147483647;
			files = (
				066614EF13E271F4005FCE43 /* InfoPlist.strings in Resources */,
				066614F213E271F4005FCE43 /* webgl_standaloneTests.h in Resources */,
			);
			runOnlyForDeploymentPostprocessing = 0;
		};
/* End PBXResourcesBuildPhase section */

/* Begin PBXShellScriptBuildPhase section */
		066614E413E271F4005FCE43 /* ShellScript */ = {
			isa = PBXShellScriptBuildPhase;
			buildActionMask = 2147483647;
			files = (
			);
			inputPaths = (
			);
			outputPaths = (
			);
			runOnlyForDeploymentPostprocessing = 0;
			shellPath = /bin/sh;
			shellScript = "# Run the unit tests in this test bundle.\n\"${SYSTEM_DEVELOPER_DIR}/Tools/RunUnitTests\"\n";
		};
/* End PBXShellScriptBuildPhase section */

/* Begin PBXSourcesBuildPhase section */
		066614C113E271F4005FCE43 /* Sources */ = {
			isa = PBXSourcesBuildPhase;
			buildActionMask = 2147483647;
			files = (
				066614D713E271F4005FCE43 /* main.m in Sources */,
				066614DD13E271F4005FCE43 /* webgl_standaloneAppDelegate.m in Sources */,
			);
			runOnlyForDeploymentPostprocessing = 0;
		};
		066614E113E271F4005FCE43 /* Sources */ = {
			isa = PBXSourcesBuildPhase;
			buildActionMask = 2147483647;
			files = (
				066614F413E271F4005FCE43 /* webgl_standaloneTests.m in Sources */,
			);
			runOnlyForDeploymentPostprocessing = 0;
		};
/* End PBXSourcesBuildPhase section */

/* Begin PBXTargetDependency section */
		066614E913E271F4005FCE43 /* PBXTargetDependency */ = {
			isa = PBXTargetDependency;
			target = 066614C413E271F4005FCE43 /* webgl-standalone */;
			targetProxy = 066614E813E271F4005FCE43 /* PBXContainerItemProxy */;
		};
/* End PBXTargetDependency section */

/* Begin PBXVariantGroup section */
		066614D213E271F4005FCE43 /* InfoPlist.strings */ = {
			isa = PBXVariantGroup;
			children = (
				066614D313E271F4005FCE43 /* en */,
			);
			name = InfoPlist.strings;
			sourceTree = "<group>";
		};
		066614D813E271F4005FCE43 /* Credits.rtf */ = {
			isa = PBXVariantGroup;
			children = (
				066614D913E271F4005FCE43 /* en */,
			);
			name = Credits.rtf;
			sourceTree = "<group>";
		};
		066614DE13E271F4005FCE43 /* MainMenu.xib */ = {
			isa = PBXVariantGroup;
			children = (
				066614DF13E271F4005FCE43 /* en */,
			);
			name = MainMenu.xib;
			sourceTree = "<group>";
		};
		066614ED13E271F4005FCE43 /* InfoPlist.strings */ = {
			isa = PBXVariantGroup;
			children = (
				066614EE13E271F4005FCE43 /* en */,
			);
			name = InfoPlist.strings;
			sourceTree = "<group>";
		};
/* End PBXVariantGroup section */

/* Begin XCBuildConfiguration section */
		066614F513E271F4005FCE43 /* Debug */ = {
			isa = XCBuildConfiguration;
			buildSettings = {
				ARCHS = "$(ARCHS_STANDARD_32_64_BIT)";
				GCC_C_LANGUAGE_STANDARD = gnu99;
				GCC_OPTIMIZATION_LEVEL = 0;
				GCC_PREPROCESSOR_DEFINITIONS = DEBUG;
				GCC_SYMBOLS_PRIVATE_EXTERN = NO;
				GCC_VERSION = com.apple.compilers.llvm.clang.1_0;
				GCC_WARN_64_TO_32_BIT_CONVERSION = YES;
				GCC_WARN_ABOUT_RETURN_TYPE = YES;
				GCC_WARN_UNUSED_VARIABLE = YES;
				MACOSX_DEPLOYMENT_TARGET = 10.6;
				ONLY_ACTIVE_ARCH = YES;
				SDKROOT = macosx;
			};
			name = Debug;
		};
		066614F613E271F4005FCE43 /* Release */ = {
			isa = XCBuildConfiguration;
			buildSettings = {
				ARCHS = "$(ARCHS_STANDARD_32_64_BIT)";
				GCC_C_LANGUAGE_STANDARD = gnu99;
				GCC_VERSION = com.apple.compilers.llvm.clang.1_0;
				GCC_WARN_64_TO_32_BIT_CONVERSION = YES;
				GCC_WARN_ABOUT_RETURN_TYPE = YES;
				GCC_WARN_UNUSED_VARIABLE = YES;
				MACOSX_DEPLOYMENT_TARGET = 10.6;
				SDKROOT = macosx;
			};
			name = Release;
		};
		066614F813E271F4005FCE43 /* Debug */ = {
			isa = XCBuildConfiguration;
			buildSettings = {
				ALWAYS_SEARCH_USER_PATHS = NO;
				COPY_PHASE_STRIP = NO;
				GCC_DYNAMIC_NO_PIC = NO;
				GCC_ENABLE_OBJC_EXCEPTIONS = YES;
				GCC_PRECOMPILE_PREFIX_HEADER = YES;
				GCC_PREFIX_HEADER = "webgl-standalone/webgl-standalone-Prefix.pch";
				INFOPLIST_FILE = "webgl-standalone/webgl-standalone-Info.plist";
				PRODUCT_NAME = "$(TARGET_NAME)";
				WRAPPER_EXTENSION = app;
			};
			name = Debug;
		};
		066614F913E271F4005FCE43 /* Release */ = {
			isa = XCBuildConfiguration;
			buildSettings = {
				ALWAYS_SEARCH_USER_PATHS = NO;
				COPY_PHASE_STRIP = YES;
				DEBUG_INFORMATION_FORMAT = "dwarf-with-dsym";
				GCC_ENABLE_OBJC_EXCEPTIONS = YES;
				GCC_PRECOMPILE_PREFIX_HEADER = YES;
				GCC_PREFIX_HEADER = "webgl-standalone/webgl-standalone-Prefix.pch";
				INFOPLIST_FILE = "webgl-standalone/webgl-standalone-Info.plist";
				PRODUCT_NAME = "$(TARGET_NAME)";
				WRAPPER_EXTENSION = app;
			};
			name = Release;
		};
		066614FB13E271F4005FCE43 /* Debug */ = {
			isa = XCBuildConfiguration;
			buildSettings = {
				ALWAYS_SEARCH_USER_PATHS = NO;
				BUNDLE_LOADER = "$(BUILT_PRODUCTS_DIR)/webgl-standalone.app/Contents/MacOS/webgl-standalone";
				COPY_PHASE_STRIP = NO;
				FRAMEWORK_SEARCH_PATHS = "$(DEVELOPER_LIBRARY_DIR)/Frameworks";
				GCC_DYNAMIC_NO_PIC = NO;
				GCC_ENABLE_OBJC_EXCEPTIONS = YES;
				GCC_PRECOMPILE_PREFIX_HEADER = YES;
				GCC_PREFIX_HEADER = "webgl-standaloneTests/webgl-standaloneTests-Prefix.pch";
				INFOPLIST_FILE = "webgl-standaloneTests/webgl-standaloneTests-Info.plist";
				OTHER_LDFLAGS = (
					"-framework",
					SenTestingKit,
				);
				PRODUCT_NAME = "$(TARGET_NAME)";
				TEST_HOST = "$(BUNDLE_LOADER)";
				WRAPPER_EXTENSION = octest;
			};
			name = Debug;
		};
		066614FC13E271F4005FCE43 /* Release */ = {
			isa = XCBuildConfiguration;
			buildSettings = {
				ALWAYS_SEARCH_USER_PATHS = NO;
				BUNDLE_LOADER = "$(BUILT_PRODUCTS_DIR)/webgl-standalone.app/Contents/MacOS/webgl-standalone";
				COPY_PHASE_STRIP = YES;
				DEBUG_INFORMATION_FORMAT = "dwarf-with-dsym";
				FRAMEWORK_SEARCH_PATHS = "$(DEVELOPER_LIBRARY_DIR)/Frameworks";
				GCC_ENABLE_OBJC_EXCEPTIONS = YES;
				GCC_PRECOMPILE_PREFIX_HEADER = YES;
				GCC_PREFIX_HEADER = "webgl-standaloneTests/webgl-standaloneTests-Prefix.pch";
				INFOPLIST_FILE = "webgl-standaloneTests/webgl-standaloneTests-Info.plist";
				OTHER_LDFLAGS = (
					"-framework",
					SenTestingKit,
				);
				PRODUCT_NAME = "$(TARGET_NAME)";
				TEST_HOST = "$(BUNDLE_LOADER)";
				WRAPPER_EXTENSION = octest;
			};
			name = Release;
		};
/* End XCBuildConfiguration section */

/* Begin XCConfigurationList section */
		066614BF13E271F4005FCE43 /* Build configuration list for PBXProject "webgl-standalone" */ = {
			isa = XCConfigurationList;
			buildConfigurations = (
				066614F513E271F4005FCE43 /* Debug */,
				066614F613E271F4005FCE43 /* Release */,
			);
			defaultConfigurationIsVisible = 0;
			defaultConfigurationName = Release;
		};
		066614F713E271F4005FCE43 /* Build configuration list for PBXNativeTarget "webgl-standalone" */ = {
			isa = XCConfigurationList;
			buildConfigurations = (
				066614F813E271F4005FCE43 /* Debug */,
				066614F913E271F4005FCE43 /* Release */,
			);
			defaultConfigurationIsVisible = 0;
		};
		066614FA13E271F4005FCE43 /* Build configuration list for PBXNativeTarget "webgl-standaloneTests" */ = {
			isa = XCConfigurationList;
			buildConfigurations = (
				066614FB13E271F4005FCE43 /* Debug */,
				066614FC13E271F4005FCE43 /* Release */,
			);
			defaultConfigurationIsVisible = 0;
		};
/* End XCConfigurationList section */
	};
	rootObject = 066614BC13E271F4005FCE43 /* Project object */;
}
